
Microsoft Visual Studio Solution File, Format Version 12.00
# Visual Studio 2012
Project("{8BC9CEB8-8B4A-11D0-8D11-00A0C91BC942}") = "SubUdkDebugger", "SubUdkDebugger\SubUdkDebugger.vcxproj", "{FD9021A3-4306-4ED6-8694-560E2A8C0D3A}"
EndProject
Global
	GlobalSection(SolutionConfigurationPlatforms) = preSolution
		Debug|Win32 = Debug|Win32
		Release|Win32 = Release|Win32
	EndGlobalSection
	GlobalSection(ProjectConfigurationPlatforms) = postSolution
		{FD9021A3-4306-4ED6-8694-560E2A8C0D3A}.Debug|Win32.ActiveCfg = Debug|Win32
		{FD9021A3-4306-4ED6-8694-560E2A8C0D3A}.Debug|Win32.Build.0 = Debug|Win32
		{FD9021A3-4306-4ED6-8694-560E2A8C0D3A}.Release|Win32.ActiveCfg = Release|Win32
		{FD9021A3-4306-4ED6-8694-560E2A8C0D3A}.Release|Win32.Build.0 = Release|Win32
	EndGlobalSection
	GlobalSection(SolutionProperties) = preSolution
		HideSolutionNode = FALSE
	EndGlobalSection
EndGlobal
